
Microsoft Visual Studio Solution File, Format Version 12.00
# Visual Studio Version 17
VisualStudioVersion = 17.12.35527.113
MinimumVisualStudioVersion = 10.0.40219.1
Project("{FAE04EC0-301F-11D3-BF4B-00C04F79EFBC}") = "EmployeeTesgt.Server", "EmployeeTesgt.Server\EmployeeTesgt.Server.csproj", "{FAED4CC8-BC6D-4277-A094-13D2E17B817E}"
EndProject
Project("{54A90642-561A-4BB1-A94E-469ADEE60C69}") = "employeetesgt.client", "employeetesgt.client\employeetesgt.client.esproj", "{0B90FCEE-61E3-470D-9CB6-EFCB98FB413A}"
EndProject
Global
	GlobalSection(SolutionConfigurationPlatforms) = preSolution
		Debug|Any CPU = Debug|Any CPU
		Release|Any CPU = Release|Any CPU
	EndGlobalSection
	GlobalSection(ProjectConfigurationPlatforms) = postSolution
		{FAED4CC8-BC6D-4277-A094-13D2E17B817E}.Debug|Any CPU.ActiveCfg = Debug|Any CPU
		{FAED4CC8-BC6D-4277-A094-13D2E17B817E}.Debug|Any CPU.Build.0 = Debug|Any CPU
		{FAED4CC8-BC6D-4277-A094-13D2E17B817E}.Release|Any CPU.ActiveCfg = Release|Any CPU
		{FAED4CC8-BC6D-4277-A094-13D2E17B817E}.Release|Any CPU.Build.0 = Release|Any CPU
		{0B90FCEE-61E3-470D-9CB6-EFCB98FB413A}.Debug|Any CPU.ActiveCfg = Debug|Any CPU
		{0B90FCEE-61E3-470D-9CB6-EFCB98FB413A}.Debug|Any CPU.Build.0 = Debug|Any CPU
		{0B90FCEE-61E3-470D-9CB6-EFCB98FB413A}.Debug|Any CPU.Deploy.0 = Debug|Any CPU
		{0B90FCEE-61E3-470D-9CB6-EFCB98FB413A}.Release|Any CPU.ActiveCfg = Release|Any CPU
		{0B90FCEE-61E3-470D-9CB6-EFCB98FB413A}.Release|Any CPU.Build.0 = Release|Any CPU
		{0B90FCEE-61E3-470D-9CB6-EFCB98FB413A}.Release|Any CPU.Deploy.0 = Release|Any CPU
	EndGlobalSection
	GlobalSection(SolutionProperties) = preSolution
		HideSolutionNode = FALSE
	EndGlobalSection
EndGlobal
